
Microsoft Visual Studio Solution File, Format Version 12.00
# Visual Studio Version 17
VisualStudioVersion = 17.4.33213.308
MinimumVisualStudioVersion = 10.0.40219.1
Project("{FAE04EC0-301F-11D3-BF4B-00C04F79EFBC}") = "ModalProject", "ModalProject\ModalProject.csproj", "{D10E8CA5-9A9D-468B-A5D0-459FBD4D3A47}"
EndProject
Global
	GlobalSection(SolutionConfigurationPlatforms) = preSolution
		Debug|Any CPU = Debug|Any CPU
		Release|Any CPU = Release|Any CPU
	EndGlobalSection
	GlobalSection(ProjectConfigurationPlatforms) = postSolution
		{D10E8CA5-9A9D-468B-A5D0-459FBD4D3A47}.Debug|Any CPU.ActiveCfg = Debug|Any CPU
		{D10E8CA5-9A9D-468B-A5D0-459FBD4D3A47}.Debug|Any CPU.Build.0 = Debug|Any CPU
		{D10E8CA5-9A9D-468B-A5D0-459FBD4D3A47}.Release|Any CPU.ActiveCfg = Release|Any CPU
		{D10E8CA5-9A9D-468B-A5D0-459FBD4D3A47}.Release|Any CPU.Build.0 = Release|Any CPU
	EndGlobalSection
	GlobalSection(SolutionProperties) = preSolution
		HideSolutionNode = FALSE
	EndGlobalSection
	GlobalSection(ExtensibilityGlobals) = postSolution
		SolutionGuid = {9F1D53E3-0A52-45DD-91F5-D06E0A123342}
	EndGlobalSection
EndGlobal
