
Microsoft Visual Studio Solution File, Format Version 12.00
# Visual Studio Version 17
VisualStudioVersion = 17.4.33213.308
MinimumVisualStudioVersion = 10.0.40219.1
Project("{FAE04EC0-301F-11D3-BF4B-00C04F79EFBC}") = "GraphTheory", "GraphTheory\GraphTheory.csproj", "{AA0C59C9-15BA-4E22-B7E8-4093721E3A7A}"
EndProject
Global
	GlobalSection(SolutionConfigurationPlatforms) = preSolution
		Debug|Any CPU = Debug|Any CPU
		Release|Any CPU = Release|Any CPU
	EndGlobalSection
	GlobalSection(ProjectConfigurationPlatforms) = postSolution
		{AA0C59C9-15BA-4E22-B7E8-4093721E3A7A}.Debug|Any CPU.ActiveCfg = Debug|Any CPU
		{AA0C59C9-15BA-4E22-B7E8-4093721E3A7A}.Debug|Any CPU.Build.0 = Debug|Any CPU
		{AA0C59C9-15BA-4E22-B7E8-4093721E3A7A}.Release|Any CPU.ActiveCfg = Release|Any CPU
		{AA0C59C9-15BA-4E22-B7E8-4093721E3A7A}.Release|Any CPU.Build.0 = Release|Any CPU
	EndGlobalSection
	GlobalSection(SolutionProperties) = preSolution
		HideSolutionNode = FALSE
	EndGlobalSection
	GlobalSection(ExtensibilityGlobals) = postSolution
		SolutionGuid = {029EEACA-6CA2-4B8D-824C-A4E0E7399172}
	EndGlobalSection
EndGlobal
